<?xml version="1.0" encoding="utf-8"?>
<Project ToolsVersion="4.0" xmlns="http://schemas.microsoft.com/developer/msbuild/2003">
  <ItemGroup>
    <Filter Include="Source Files">
      <UniqueIdentifier>{4FC737F1-C7A5-4376-A066-2A32D752A2FF}</UniqueIdentifier>
      <Extensions>cpp;cxx;c;def</Extensions>
    </Filter>
    <Filter Include="Header Files">
      <UniqueIdentifier>{93995380-89BD-4b04-88EB-625FBE52EBFB}</UniqueIdentifier>
      <Extensions>h</Extensions>
    </Filter>
    <Filter Include="Form Files">
      <UniqueIdentifier>{99349809-55BA-4b9d-BF79-8FDBB0286EB3}</UniqueIdentifier>
      <Extensions>ui</Extensions>
    </Filter>
    <Filter Include="Resource Files">
      <UniqueIdentifier>{D9D6E242-F8AF-46E4-B9FD-80ECBC20BA3E}</UniqueIdentifier>
      <Extensions>qrc;*</Extensions>
      <ParseFiles>false</ParseFiles>
    </Filter>
    <Filter Include="Generated Files">
      <UniqueIdentifier>{71ED8ED8-ACB9-4CE9-BBE1-E00B30144E11}</UniqueIdentifier>
      <Extensions>moc;h;cpp</Extensions>
      <SourceControlFiles>False</SourceControlFiles>
    </Filter>
    <Filter Include="Generated Files\Debug_Win32">
      <UniqueIdentifier>{03f32d38-3a14-431c-8cbc-b453bfc1be9a}</UniqueIdentifier>
      <Extensions>cpp;moc</Extensions>
      <SourceControlFiles>False</SourceControlFiles>
    </Filter>
    <Filter Include="Generated Files\Debug_x64">
      <UniqueIdentifier>{19149e8a-9c2a-46c5-a4a6-d2fd8aef05b8}</UniqueIdentifier>
      <Extensions>cpp;moc</Extensions>
      <SourceControlFiles>False</SourceControlFiles>
    </Filter>
    <Filter Include="Generated Files\Release_Win32">
      <UniqueIdentifier>{a07cf684-f0be-44f6-8ffa-1af83609c955}</UniqueIdentifier>
      <Extensions>cpp;moc</Extensions>
      <SourceControlFiles>False</SourceControlFiles>
    </Filter>
    <Filter Include="Generated Files\Release_x64">
      <UniqueIdentifier>{07a10d76-7f46-48b4-bb77-41ca6cfa5457}</UniqueIdentifier>
      <Extensions>cpp;moc</Extensions>
      <SourceControlFiles>False</SourceControlFiles>
    </Filter>
  </ItemGroup>
  <ItemGroup>
    <ClCompile Include="Sources\Main.cpp">
      <Filter>Source Files</Filter>
    </ClCompile>
    <ClCompile Include="Build\temp\Win32\Debug\Moc\moc_MainWindow.cpp">
      <Filter>Generated Files\Debug_Win32</Filter>
    </ClCompile>
    <ClCompile Include="Build\temp\x64\Debug\Moc\moc_MainWindow.cpp">
      <Filter>Generated Files\Debug_x64</Filter>
    </ClCompile>
    <ClCompile Include="Build\temp\Win32\Release\Moc\moc_MainWindow.cpp">
      <Filter>Generated Files\Release_Win32</Filter>
    </ClCompile>
    <ClCompile Include="Build\temp\x64\Release\Moc\moc_MainWindow.cpp">
      <Filter>Generated Files\Release_x64</Filter>
    </ClCompile>
    <ClCompile Include="Sources\Interface\MainWindow.cpp">
      <Filter>Source Files</Filter>
    </ClCompile>
    <ClCompile Include="Sources\Interface\SceneManager.cpp">
      <Filter>Source Files</Filter>
    </ClCompile>
    <ClCompile Include="Sources\Model\Model\Model.cpp">
      <Filter>Source Files</Filter>
    </ClCompile>
    <ClCompile Include="Sources\Model\Model\Components\Component.cpp">
      <Filter>Source Files</Filter>
    </ClCompile>
    <ClCompile Include="Sources\Model\Model\Components\Composition.cpp">
      <Filter>Source Files</Filter>
    </ClCompile>
    <ClCompile Include="Sources\Model\Model\Components\Link.cpp">
      <Filter>Source Files</Filter>
    </ClCompile>
    <ClCompile Include="Sources\Model\Model\Components\Process.cpp">
      <Filter>Source Files</Filter>
    </ClCompile>
    <ClCompile Include="Sources\Model\Model\Components\Variable.cpp">
      <Filter>Source Files</Filter>
    </ClCompile>
    <ClCompile Include="Build\temp\Win32\Debug\Moc\moc_SceneView.cpp">
      <Filter>Generated Files\Debug_Win32</Filter>
    </ClCompile>
    <ClCompile Include="Build\temp\x64\Debug\Moc\moc_SceneView.cpp">
      <Filter>Generated Files\Debug_x64</Filter>
    </ClCompile>
    <ClCompile Include="Build\temp\Win32\Release\Moc\moc_SceneView.cpp">
      <Filter>Generated Files\Release_Win32</Filter>
    </ClCompile>
    <ClCompile Include="Build\temp\x64\Release\Moc\moc_SceneView.cpp">
      <Filter>Generated Files\Release_x64</Filter>
    </ClCompile>
    <ClCompile Include="Sources\Interface\SceneView.cpp">
      <Filter>Source Files</Filter>
    </ClCompile>
    <ClCompile Include="Sources\Interface\Components\VariableView.cpp">
      <Filter>Source Files</Filter>
    </ClCompile>
    <ClCompile Include="Sources\Interface\Components\ComponentView.cpp">
      <Filter>Source Files</Filter>
    </ClCompile>
    <ClCompile Include="Sources\Interface\Components\CompositionView.cpp">
      <Filter>Source Files</Filter>
    </ClCompile>
    <ClCompile Include="Sources\Interface\Components\LinkView.cpp">
      <Filter>Source Files</Filter>
    </ClCompile>
    <ClCompile Include="Sources\Interface\Components\ProcessView.cpp">
      <Filter>Source Files</Filter>
    </ClCompile>
    <ClCompile Include="Build\temp\Win32\Debug\Moc\moc_SceneManager.cpp">
      <Filter>Generated Files\Debug_Win32</Filter>
    </ClCompile>
    <ClCompile Include="Build\temp\x64\Debug\Moc\moc_SceneManager.cpp">
      <Filter>Generated Files\Debug_x64</Filter>
    </ClCompile>
    <ClCompile Include="Build\temp\Win32\Release\Moc\moc_SceneManager.cpp">
      <Filter>Generated Files\Release_Win32</Filter>
    </ClCompile>
    <ClCompile Include="Build\temp\x64\Release\Moc\moc_SceneManager.cpp">
      <Filter>Generated Files\Release_x64</Filter>
    </ClCompile>
    <ClCompile Include="Build\temp\Win32\Debug\Moc\moc_ComponentView.cpp">
      <Filter>Generated Files\Debug_Win32</Filter>
    </ClCompile>
    <ClCompile Include="Build\temp\x64\Debug\Moc\moc_ComponentView.cpp">
      <Filter>Generated Files\Debug_x64</Filter>
    </ClCompile>
    <ClCompile Include="Build\temp\Win32\Release\Moc\moc_ComponentView.cpp">
      <Filter>Generated Files\Release_Win32</Filter>
    </ClCompile>
    <ClCompile Include="Build\temp\x64\Release\Moc\moc_ComponentView.cpp">
      <Filter>Generated Files\Release_x64</Filter>
    </ClCompile>
    <ClCompile Include="Sources\Model\Model\Components\Slot.cpp">
      <Filter>Source Files</Filter>
    </ClCompile>
    <ClCompile Include="Sources\Interface\Components\SlotView.cpp">
      <Filter>Source Files</Filter>
    </ClCompile>
    <ClCompile Include="Build\temp\Win32\Debug\Moc\moc_LinkView.cpp">
      <Filter>Generated Files\Debug_Win32</Filter>
    </ClCompile>
    <ClCompile Include="Build\temp\x64\Debug\Moc\moc_LinkView.cpp">
      <Filter>Generated Files\Debug_x64</Filter>
    </ClCompile>
    <ClCompile Include="Build\temp\Win32\Release\Moc\moc_LinkView.cpp">
      <Filter>Generated Files\Release_Win32</Filter>
    </ClCompile>
    <ClCompile Include="Build\temp\x64\Release\Moc\moc_LinkView.cpp">
      <Filter>Generated Files\Release_x64</Filter>
    </ClCompile>
    <ClCompile Include="Build\temp\Win32\Debug\Moc\moc_SlotView.cpp">
      <Filter>Generated Files\Debug_Win32</Filter>
    </ClCompile>
    <ClCompile Include="Build\temp\x64\Debug\Moc\moc_SlotView.cpp">
      <Filter>Generated Files\Debug_x64</Filter>
    </ClCompile>
    <ClCompile Include="Build\temp\Win32\Release\Moc\moc_SlotView.cpp">
      <Filter>Generated Files\Release_Win32</Filter>
    </ClCompile>
    <ClCompile Include="Build\temp\x64\Release\Moc\moc_SlotView.cpp">
      <Filter>Generated Files\Release_x64</Filter>
    </ClCompile>
    <ClCompile Include="Build\temp\Win32\Debug\Moc\moc_ProcessView.cpp">
      <Filter>Generated Files\Debug_Win32</Filter>
    </ClCompile>
    <ClCompile Include="Build\temp\x64\Debug\Moc\moc_ProcessView.cpp">
      <Filter>Generated Files\Debug_x64</Filter>
    </ClCompile>
    <ClCompile Include="Build\temp\Win32\Release\Moc\moc_ProcessView.cpp">
      <Filter>Generated Files\Release_Win32</Filter>
    </ClCompile>
    <ClCompile Include="Build\temp\x64\Release\Moc\moc_ProcessView.cpp">
      <Filter>Generated Files\Release_x64</Filter>
    </ClCompile>
    <ClCompile Include="Sources\Model\Compiler\Compiler.cpp">
      <Filter>Source Files</Filter>
    </ClCompile>
    <ClCompile Include="Build\temp\Win32\Debug\Moc\moc_CompositionView.cpp">
      <Filter>Generated Files\Debug_Win32</Filter>
    </ClCompile>
    <ClCompile Include="Build\temp\x64\Debug\Moc\moc_CompositionView.cpp">
      <Filter>Generated Files\Debug_x64</Filter>
    </ClCompile>
    <ClCompile Include="Build\temp\Win32\Release\Moc\moc_CompositionView.cpp">
      <Filter>Generated Files\Release_Win32</Filter>
    </ClCompile>
    <ClCompile Include="Build\temp\x64\Release\Moc\moc_CompositionView.cpp">
      <Filter>Generated Files\Release_x64</Filter>
    </ClCompile>
    <ClCompile Include="Build\temp\Win32\Debug\Moc\moc_KExpandableWidget.cpp">
      <Filter>Generated Files\Debug_Win32</Filter>
    </ClCompile>
    <ClCompile Include="Build\temp\x64\Debug\Moc\moc_KExpandableWidget.cpp">
      <Filter>Generated Files\Debug_x64</Filter>
    </ClCompile>
    <ClCompile Include="Build\temp\Win32\Release\Moc\moc_KExpandableWidget.cpp">
      <Filter>Generated Files\Release_Win32</Filter>
    </ClCompile>
    <ClCompile Include="Build\temp\x64\Release\Moc\moc_KExpandableWidget.cpp">
      <Filter>Generated Files\Release_x64</Filter>
    </ClCompile>
    <ClCompile Include="Build\temp\Win32\Debug\Moc\moc_FunctionView.cpp">
      <Filter>Generated Files\Debug_Win32</Filter>
    </ClCompile>
    <ClCompile Include="Build\temp\x64\Debug\Moc\moc_FunctionView.cpp">
      <Filter>Generated Files\Debug_x64</Filter>
    </ClCompile>
    <ClCompile Include="Build\temp\Win32\Release\Moc\moc_FunctionView.cpp">
      <Filter>Generated Files\Release_Win32</Filter>
    </ClCompile>
    <ClCompile Include="Build\temp\x64\Release\Moc\moc_FunctionView.cpp">
      <Filter>Generated Files\Release_x64</Filter>
    </ClCompile>
    <ClCompile Include="Sources\Interface\Components\FunctionView.cpp">
      <Filter>Source Files</Filter>
    </ClCompile>
    <ClCompile Include="Sources\Model\Model\Components\Function.cpp">
      <Filter>Source Files</Filter>
    </ClCompile>
    <ClCompile Include="Build\temp\Win32\Debug\Moc\moc_VariableView.cpp">
      <Filter>Generated Files\Debug_Win32</Filter>
    </ClCompile>
    <ClCompile Include="Build\temp\x64\Debug\Moc\moc_VariableView.cpp">
      <Filter>Generated Files\Debug_x64</Filter>
    </ClCompile>
    <ClCompile Include="Build\temp\Win32\Release\Moc\moc_VariableView.cpp">
      <Filter>Generated Files\Release_Win32</Filter>
    </ClCompile>
    <ClCompile Include="Build\temp\x64\Release\Moc\moc_VariableView.cpp">
      <Filter>Generated Files\Release_x64</Filter>
    </ClCompile>
    <ClCompile Include="Sources\Model\TypesManager\Type.cpp">
      <Filter>Source Files</Filter>
    </ClCompile>
    <ClCompile Include="Sources\Model\TypesManager\typesLibrary.cpp">
      <Filter>Source Files</Filter>
    </ClCompile>
    <ClCompile Include="Sources\Model\ComponentsLibrary\ComponentsLibrary.cpp">
      <Filter>Source Files</Filter>
    </ClCompile>
    <ClCompile Include="Build\temp\Win32\Debug\Moc\moc_ComponentsLibrary.cpp">
      <Filter>Generated Files\Debug_Win32</Filter>
    </ClCompile>
    <ClCompile Include="Build\temp\x64\Debug\Moc\moc_ComponentsLibrary.cpp">
      <Filter>Generated Files\Debug_x64</Filter>
    </ClCompile>
    <ClCompile Include="Build\temp\Win32\Release\Moc\moc_ComponentsLibrary.cpp">
      <Filter>Generated Files\Release_Win32</Filter>
    </ClCompile>
    <ClCompile Include="Build\temp\x64\Release\Moc\moc_ComponentsLibrary.cpp">
      <Filter>Generated Files\Release_x64</Filter>
    </ClCompile>
    <ClCompile Include="Build\temp\Win32\Debug\Moc\moc_ComponentsLibraryView.cpp">
      <Filter>Generated Files\Debug_Win32</Filter>
    </ClCompile>
    <ClCompile Include="Build\temp\x64\Debug\Moc\moc_ComponentsLibraryView.cpp">
      <Filter>Generated Files\Debug_x64</Filter>
    </ClCompile>
    <ClCompile Include="Build\temp\Win32\Release\Moc\moc_ComponentsLibraryView.cpp">
      <Filter>Generated Files\Release_Win32</Filter>
    </ClCompile>
    <ClCompile Include="Build\temp\x64\Release\Moc\moc_ComponentsLibraryView.cpp">
      <Filter>Generated Files\Release_x64</Filter>
    </ClCompile>
    <ClCompile Include="Sources\Interface\ComponentsLibraryView\ComponentsLibraryView.cpp">
      <Filter>Source Files</Filter>
    </ClCompile>
    <ClCompile Include="Build\temp\Win32\Debug\Moc\moc_typesLibrary.cpp">
      <Filter>Generated Files\Debug_Win32</Filter>
    </ClCompile>
    <ClCompile Include="Build\temp\x64\Debug\Moc\moc_typesLibrary.cpp">
      <Filter>Generated Files\Debug_x64</Filter>
    </ClCompile>
    <ClCompile Include="Build\temp\Win32\Release\Moc\moc_typesLibrary.cpp">
      <Filter>Generated Files\Release_Win32</Filter>
    </ClCompile>
    <ClCompile Include="Build\temp\x64\Release\Moc\moc_typesLibrary.cpp">
      <Filter>Generated Files\Release_x64</Filter>
    </ClCompile>
    <ClCompile Include="Sources\App.cpp">
      <Filter>Source Files</Filter>
    </ClCompile>
    <ClCompile Include="Sources\Interface\TypesManagerView\TypesLibraryView.cpp">
      <Filter>Source Files</Filter>
    </ClCompile>
    <ClCompile Include="Build\temp\Win32\Debug\Moc\moc_TypesLibraryView.cpp">
      <Filter>Generated Files\Debug_Win32</Filter>
    </ClCompile>
    <ClCompile Include="Build\temp\x64\Debug\Moc\moc_TypesLibraryView.cpp">
      <Filter>Generated Files\Debug_x64</Filter>
    </ClCompile>
    <ClCompile Include="Build\temp\Win32\Release\Moc\moc_TypesLibraryView.cpp">
      <Filter>Generated Files\Release_Win32</Filter>
    </ClCompile>
    <ClCompile Include="Build\temp\x64\Release\Moc\moc_TypesLibraryView.cpp">
      <Filter>Generated Files\Release_x64</Filter>
    </ClCompile>
    <ClCompile Include="Sources\Interface\TypesManagerView\TypeEditor.cpp">
      <Filter>Source Files</Filter>
    </ClCompile>
    <ClCompile Include="Build\temp\Win32\Debug\Moc\moc_TypeEditor.cpp">
      <Filter>Generated Files\Debug_Win32</Filter>
    </ClCompile>
    <ClCompile Include="Build\temp\x64\Debug\Moc\moc_TypeEditor.cpp">
      <Filter>Generated Files\Debug_x64</Filter>
    </ClCompile>
    <ClCompile Include="Build\temp\Win32\Release\Moc\moc_TypeEditor.cpp">
      <Filter>Generated Files\Release_Win32</Filter>
    </ClCompile>
    <ClCompile Include="Build\temp\x64\Release\Moc\moc_TypeEditor.cpp">
      <Filter>Generated Files\Release_x64</Filter>
    </ClCompile>
  </ItemGroup>
  <ItemGroup>
    <CustomBuild Include="Sources\Interface\MainWindow.h">
      <Filter>Header Files</Filter>
    </CustomBuild>
    <CustomBuild Include="Sources\Interface\MainWindow.ui">
      <Filter>Form Files</Filter>
    </CustomBuild>
    <CustomBuild Include="Sources\Interface\SceneManager.h">
      <Filter>Header Files</Filter>
    </CustomBuild>
    <CustomBuild Include="Sources\Interface\SceneView.h">
      <Filter>Header Files</Filter>
    </CustomBuild>
    <CustomBuild Include="Sources\Interface\Components\VariableView.h">
      <Filter>Header Files</Filter>
    </CustomBuild>
    <CustomBuild Include="Sources\Interface\Components\CompositionView.h">
      <Filter>Header Files</Filter>
    </CustomBuild>
    <CustomBuild Include="Sources\Interface\Components\ComponentView.h">
      <Filter>Header Files</Filter>
    </CustomBuild>
    <CustomBuild Include="Sources\Interface\Components\ProcessView.h">
      <Filter>Header Files</Filter>
    </CustomBuild>
    <CustomBuild Include="Sources\Interface\Components\SlotView.h">
      <Filter>Header Files</Filter>
    </CustomBuild>
    <CustomBuild Include="Sources\Interface\Components\LinkView.h">
      <Filter>Header Files</Filter>
    </CustomBuild>
    <CustomBuild Include="Sources\Interface\Components\ComponentProperties.ui">
      <Filter>Form Files</Filter>
    </CustomBuild>
    <CustomBuild Include="Sources\Interface\Components\ProcessProperties.ui">
      <Filter>Form Files</Filter>
    </CustomBuild>
    <CustomBuild Include="Sources\Interface\Components\CompositionProperties.ui">
      <Filter>Form Files</Filter>
    </CustomBuild>
    <CustomBuild Include="Sources\Interface\Components\VariableProperties.ui">
      <Filter>Form Files</Filter>
    </CustomBuild>
    <CustomBuild Include="Sources\Interface\Components\KExpandableWidget.h">
      <Filter>Header Files</Filter>
    </CustomBuild>
    <CustomBuild Include="Sources\Interface\Components\FunctionProperties.ui">
      <Filter>Form Files</Filter>
    </CustomBuild>
    <CustomBuild Include="Sources\Interface\Components\FunctionView.h">
      <Filter>Header Files</Filter>
    </CustomBuild>
    <CustomBuild Include="Sources\Model\ComponentsLibrary\ComponentsLibrary.h">
      <Filter>Header Files</Filter>
    </CustomBuild>
    <CustomBuild Include="Sources\Interface\ComponentsLibraryView\ComponentsLibraryView.h">
      <Filter>Header Files</Filter>
    </CustomBuild>
    <CustomBuild Include="Sources\Model\TypesManager\typesLibrary.h">
      <Filter>Header Files</Filter>
    </CustomBuild>
    <CustomBuild Include="Sources\Interface\TypesManagerView\TypesLibraryView.h">
      <Filter>Header Files</Filter>
    </CustomBuild>
    <CustomBuild Include="Sources\Interface\TypesManagerView\TypeEditor.h">
      <Filter>Header Files</Filter>
    </CustomBuild>
  </ItemGroup>
  <ItemGroup>
    <ClInclude Include="Build\temp\$(PlatformName)\$(ConfigurationName)\Uic\ui_MainWindow.h">
      <Filter>Generated Files</Filter>
    </ClInclude>
    <ClInclude Include="Sources\Declarator.h">
      <Filter>Header Files</Filter>
    </ClInclude>
    <ClInclude Include="Sources\Conf.h">
      <Filter>Header Files</Filter>
    </ClInclude>
    <ClInclude Include="Sources\Interface\ModelInterface.h">
      <Filter>Header Files</Filter>
    </ClInclude>
    <ClInclude Include="Sources\Model\Model\Components\Component.h">
      <Filter>Header Files</Filter>
    </ClInclude>
    <ClInclude Include="Sources\Model\Model\Components\Composition.h">
      <Filter>Header Files</Filter>
    </ClInclude>
    <ClInclude Include="Sources\Model\Model\Components\Link.h">
      <Filter>Header Files</Filter>
    </ClInclude>
    <ClInclude Include="Sources\Model\Model\Components\Process.h">
      <Filter>Header Files</Filter>
    </ClInclude>
    <ClInclude Include="Sources\Model\Model\Components\Variable.h">
      <Filter>Header Files</Filter>
    </ClInclude>
    <ClInclude Include="Sources\Model\Model\Components\Slot.h">
      <Filter>Header Files</Filter>
    </ClInclude>
    <ClInclude Include="Sources\Model\Compiler\Compiler.h">
      <Filter>Header Files</Filter>
    </ClInclude>
    <ClInclude Include="Build\temp\$(PlatformName)\$(ConfigurationName)\Uic\ui_ComponentProperties.h">
      <Filter>Generated Files</Filter>
    </ClInclude>
    <ClInclude Include="Build\temp\$(PlatformName)\$(ConfigurationName)\Uic\ui_ProcessProperties.h">
      <Filter>Generated Files</Filter>
    </ClInclude>
    <ClInclude Include="Build\temp\$(PlatformName)\$(ConfigurationName)\Uic\ui_CompositionProperties.h">
      <Filter>Generated Files</Filter>
    </ClInclude>
    <ClInclude Include="Build\temp\$(PlatformName)\$(ConfigurationName)\Uic\ui_VariableProperties.h">
      <Filter>Generated Files</Filter>
    </ClInclude>
    <ClInclude Include="Build\temp\$(PlatformName)\$(ConfigurationName)\Uic\ui_FunctionProperties.h">
      <Filter>Generated Files</Filter>
    </ClInclude>
    <ClInclude Include="Sources\Model\Model\Components\Function.h">
      <Filter>Header Files</Filter>
    </ClInclude>
    <ClInclude Include="Sources\Model\Model\Model.h">
      <Filter>Header Files</Filter>
    </ClInclude>
    <ClInclude Include="Sources\Model\TypesManager\Type.h">
      <Filter>Header Files</Filter>
    </ClInclude>
    <ClInclude Include="Sources\App.h">
      <Filter>Header Files</Filter>
    </ClInclude>
    <ClInclude Include="Sources\PropertyTrees.h">
      <Filter>Header Files</Filter>
    </ClInclude>
  </ItemGroup>
</Project>